// !$*UTF8*$!
{
	archiveVersion = 1;
	classes = {
	};
	objectVersion = 46;
	objects = {

/* Begin PBXBuildFile section */
		5A16ED052333A02600AF12CE /* Constants.swift in Sources */ = {isa = PBXBuildFile; fileRef = 5A5E275D232BBB35000F54E9 /* Constants.swift */; };
		5A16ED062333A03000AF12CE /* Logging.swift in Sources */ = {isa = PBXBuildFile; fileRef = 5AA9141F232D33E700167991 /* Logging.swift */; };
		5A16ED082333A04400AF12CE /* FeatureFlags.swift in Sources */ = {isa = PBXBuildFile; fileRef = 5A16ED072333A04400AF12CE /* FeatureFlags.swift */; };
		5A16ED092333A05500AF12CE /* FeatureFlags.swift in Sources */ = {isa = PBXBuildFile; fileRef = 5A16ED072333A04400AF12CE /* FeatureFlags.swift */; };
		5A16ED1D2333D40F00AF12CE /* Protocols.swift in Sources */ = {isa = PBXBuildFile; fileRef = 5A16ED1C2333D40F00AF12CE /* Protocols.swift */; };
		5A1C2D94225B6E21002EC3AD /* Defaults.swift in Sources */ = {isa = PBXBuildFile; fileRef = 5A1C2D93225B6E21002EC3AD /* Defaults.swift */; };
		5A1C2D95225B6E21002EC3AD /* Defaults.swift in Sources */ = {isa = PBXBuildFile; fileRef = 5A1C2D93225B6E21002EC3AD /* Defaults.swift */; };
		5A1F1C09232F94E20023D5A4 /* StateMachine.swift in Sources */ = {isa = PBXBuildFile; fileRef = 5A1F1C08232F94E20023D5A4 /* StateMachine.swift */; };
		5A1F1C0B232FDB850023D5A4 /* AppStateMachine.swift in Sources */ = {isa = PBXBuildFile; fileRef = 5A1F1C0A232FDB850023D5A4 /* AppStateMachine.swift */; };
		5A2229A2228BE59600E4B95B /* Environment.swift in Sources */ = {isa = PBXBuildFile; fileRef = 5A2229A1228BE59600E4B95B /* Environment.swift */; };
		5A2229A3228BE59600E4B95B /* Environment.swift in Sources */ = {isa = PBXBuildFile; fileRef = 5A2229A1228BE59600E4B95B /* Environment.swift */; };
		5A33F7B3250A404400956DD3 /* Delta.swift in Sources */ = {isa = PBXBuildFile; fileRef = 5A33F7B2250A404400956DD3 /* Delta.swift */; };
		5A33F7B4250A404400956DD3 /* Delta.swift in Sources */ = {isa = PBXBuildFile; fileRef = 5A33F7B2250A404400956DD3 /* Delta.swift */; };
		5A33F7B6250A450100956DD3 /* Corner.swift in Sources */ = {isa = PBXBuildFile; fileRef = 5A33F7B5250A450100956DD3 /* Corner.swift */; };
		5A33F7B7250A450100956DD3 /* Corner.swift in Sources */ = {isa = PBXBuildFile; fileRef = 5A33F7B5250A450100956DD3 /* Corner.swift */; };
		5A45FBAF227B1BB800DC184E /* Tracker.swift in Sources */ = {isa = PBXBuildFile; fileRef = 5A45FBAE227B1BB800DC184E /* Tracker.swift */; };
		5A45FBCD227B281E00DC184E /* AppDelegate.swift in Sources */ = {isa = PBXBuildFile; fileRef = 5A45FBCC227B281E00DC184E /* AppDelegate.swift */; };
		5A45FBCE227B301E00DC184E /* Tracker.swift in Sources */ = {isa = PBXBuildFile; fileRef = 5A45FBAE227B1BB800DC184E /* Tracker.swift */; };
		5A45FBD0227B3EF000DC184E /* PreferencesController.swift in Sources */ = {isa = PBXBuildFile; fileRef = 5A45FBCF227B3EF000DC184E /* PreferencesController.swift */; };
		5A45FBD1227B4BCE00DC184E /* PreferencesController.swift in Sources */ = {isa = PBXBuildFile; fileRef = 5A45FBCF227B3EF000DC184E /* PreferencesController.swift */; };
		5A46191622847CF40078E1B2 /* Common.swift in Sources */ = {isa = PBXBuildFile; fileRef = 5A46191522847CF40078E1B2 /* Common.swift */; };
		5A4619182286C4DA0078E1B2 /* ModifiertTests.swift in Sources */ = {isa = PBXBuildFile; fileRef = 5A4619172286C4DA0078E1B2 /* ModifiertTests.swift */; };
		5A46191C2286C90B0078E1B2 /* Date+ext.swift in Sources */ = {isa = PBXBuildFile; fileRef = 5A46191B2286C90B0078E1B2 /* Date+ext.swift */; };
		5A46191D2286C90B0078E1B2 /* Date+ext.swift in Sources */ = {isa = PBXBuildFile; fileRef = 5A46191B2286C90B0078E1B2 /* Date+ext.swift */; };
		5A4E24A5234900BF00A27B8F /* Functions.swift in Sources */ = {isa = PBXBuildFile; fileRef = 5A4E24A4234900BF00A27B8F /* Functions.swift */; };
		5A4E24A62349035000A27B8F /* Functions.swift in Sources */ = {isa = PBXBuildFile; fileRef = 5A4E24A4234900BF00A27B8F /* Functions.swift */; };
		5A5E275E232BBB35000F54E9 /* Constants.swift in Sources */ = {isa = PBXBuildFile; fileRef = 5A5E275D232BBB35000F54E9 /* Constants.swift */; };
		5A6B5BCD20D1720000F7A36C /* PreferencesController.xib in Resources */ = {isa = PBXBuildFile; fileRef = 5A6B5BCB20D1720000F7A36C /* PreferencesController.xib */; };
		5A78DD1222F2FBF600D0F23D /* TipJarController.swift in Sources */ = {isa = PBXBuildFile; fileRef = 5A78DD1022F2FBF600D0F23D /* TipJarController.swift */; };
		5A78DD1322F2FBF600D0F23D /* TipJarController.xib in Resources */ = {isa = PBXBuildFile; fileRef = 5A78DD1122F2FBF600D0F23D /* TipJarController.xib */; };
		5A81BBC52276D8CC00881E2F /* AXUIElement+ext.swift in Sources */ = {isa = PBXBuildFile; fileRef = 5A81BBC42276D8CC00881E2F /* AXUIElement+ext.swift */; };
		5A81BBC62276DC3B00881E2F /* AXUIElement+ext.swift in Sources */ = {isa = PBXBuildFile; fileRef = 5A81BBC42276D8CC00881E2F /* AXUIElement+ext.swift */; };
		5A8F910D227C3DF200B78C47 /* TrackingInfo.swift in Sources */ = {isa = PBXBuildFile; fileRef = 5A8F910C227C3DF200B78C47 /* TrackingInfo.swift */; };
		5A8F910E227C3DF200B78C47 /* TrackingInfo.swift in Sources */ = {isa = PBXBuildFile; fileRef = 5A8F910C227C3DF200B78C47 /* TrackingInfo.swift */; };
		5A8F9110227C418200B78C47 /* Modifiers.swift in Sources */ = {isa = PBXBuildFile; fileRef = 5A8F910F227C418200B78C47 /* Modifiers.swift */; };
		5A8F9111227C418200B78C47 /* Modifiers.swift in Sources */ = {isa = PBXBuildFile; fileRef = 5A8F910F227C418200B78C47 /* Modifiers.swift */; };
		5A8F9113227C41C800B78C47 /* State.swift in Sources */ = {isa = PBXBuildFile; fileRef = 5A8F9112227C41C800B78C47 /* State.swift */; };
		5A8F9114227C41C800B78C47 /* State.swift in Sources */ = {isa = PBXBuildFile; fileRef = 5A8F9112227C41C800B78C47 /* State.swift */; };
		5A8F9119227C461D00B78C47 /* CGEvent+ext.swift in Sources */ = {isa = PBXBuildFile; fileRef = 5A8F9118227C461D00B78C47 /* CGEvent+ext.swift */; };
		5A8F911A227C461D00B78C47 /* CGEvent+ext.swift in Sources */ = {isa = PBXBuildFile; fileRef = 5A8F9118227C461D00B78C47 /* CGEvent+ext.swift */; };
		5A8F9120227C81E600B78C47 /* CGPoint+ext.swift in Sources */ = {isa = PBXBuildFile; fileRef = 5A8F911F227C81E600B78C47 /* CGPoint+ext.swift */; };
		5A8F9121227C81E600B78C47 /* CGPoint+ext.swift in Sources */ = {isa = PBXBuildFile; fileRef = 5A8F911F227C81E600B78C47 /* CGPoint+ext.swift */; };
		5AA91420232D33E700167991 /* Logging.swift in Sources */ = {isa = PBXBuildFile; fileRef = 5AA9141F232D33E700167991 /* Logging.swift */; };
		5AA93C96231953AF00B268CF /* RegistrationController.swift in Sources */ = {isa = PBXBuildFile; fileRef = 5AA93C94231953AF00B268CF /* RegistrationController.swift */; };
		5AA93C97231953AF00B268CF /* RegistrationController.xib in Resources */ = {isa = PBXBuildFile; fileRef = 5AA93C95231953AF00B268CF /* RegistrationController.xib */; };
		5AB3A6F52334D7AA00D40DBF /* AppStateMachineTests.swift in Sources */ = {isa = PBXBuildFile; fileRef = 5AB3A6F42334D7AA00D40DBF /* AppStateMachineTests.swift */; };
		5AB3A6F62334D7E600D40DBF /* AppStateMachine.swift in Sources */ = {isa = PBXBuildFile; fileRef = 5A1F1C0A232FDB850023D5A4 /* AppStateMachine.swift */; };
		5AB3A6F72334D80F00D40DBF /* StateMachine.swift in Sources */ = {isa = PBXBuildFile; fileRef = 5A1F1C08232F94E20023D5A4 /* StateMachine.swift */; };
		5AB3A6FA2334E6AD00D40DBF /* Protocols.swift in Sources */ = {isa = PBXBuildFile; fileRef = 5A16ED1C2333D40F00AF12CE /* Protocols.swift */; };
		5AE57A4522F72B490015B090 /* Licensing.swift in Sources */ = {isa = PBXBuildFile; fileRef = 5AE57A4422F72B490015B090 /* Licensing.swift */; };
		5AE57A4622F72B490015B090 /* Licensing.swift in Sources */ = {isa = PBXBuildFile; fileRef = 5AE57A4422F72B490015B090 /* Licensing.swift */; };
		5AE57A4822F72C090015B090 /* LicensingTests.swift in Sources */ = {isa = PBXBuildFile; fileRef = 5AE57A4722F72C090015B090 /* LicensingTests.swift */; };
		6ED47B65183BF3E800859244 /* Cocoa.framework in Frameworks */ = {isa = PBXBuildFile; fileRef = 6ED47B64183BF3E800859244 /* Cocoa.framework */; };
		6ED47B6F183BF3E800859244 /* InfoPlist.strings in Resources */ = {isa = PBXBuildFile; fileRef = 6ED47B6D183BF3E800859244 /* InfoPlist.strings */; };
		6ED47B7B183BF3E800859244 /* MainMenu.xib in Resources */ = {isa = PBXBuildFile; fileRef = 6ED47B79183BF3E800859244 /* MainMenu.xib */; };
		6ED47B7D183BF3E800859244 /* Images.xcassets in Resources */ = {isa = PBXBuildFile; fileRef = 6ED47B7C183BF3E800859244 /* Images.xcassets */; };
		B02F18934323BB42D8CCAB05 /* QuartzCore.framework in Frameworks */ = {isa = PBXBuildFile; fileRef = B02F125CE1BC18D269C53372 /* QuartzCore.framework */; };
		F907A53FB2CAEBEB31895CD2 /* contributing.md in Resources */ = {isa = PBXBuildFile; fileRef = F907A3568D9301F4E6A9736F /* contributing.md */; };
		F907ABDDEEAF5BF83F0AF9EA /* readme.md in Resources */ = {isa = PBXBuildFile; fileRef = F907A4D20267246716869421 /* readme.md */; };
/* End PBXBuildFile section */

/* Begin PBXContainerItemProxy section */
		653CC7461F8EB8AA009485A4 /* PBXContainerItemProxy */ = {
			isa = PBXContainerItemProxy;
			containerPortal = 6ED47B59183BF3E800859244 /* Project object */;
			proxyType = 1;
			remoteGlobalIDString = 6ED47B60183BF3E800859244;
			remoteInfo = "easy-move-resize";
		};
/* End PBXContainerItemProxy section */

/* Begin PBXFileReference section */
		5A16ED072333A04400AF12CE /* FeatureFlags.swift */ = {isa = PBXFileReference; lastKnownFileType = sourcecode.swift; path = FeatureFlags.swift; sourceTree = "<group>"; };
		5A16ED1C2333D40F00AF12CE /* Protocols.swift */ = {isa = PBXFileReference; lastKnownFileType = sourcecode.swift; path = Protocols.swift; sourceTree = "<group>"; };
		5A1C2D93225B6E21002EC3AD /* Defaults.swift */ = {isa = PBXFileReference; lastKnownFileType = sourcecode.swift; path = Defaults.swift; sourceTree = "<group>"; };
		5A1F1C08232F94E20023D5A4 /* StateMachine.swift */ = {isa = PBXFileReference; lastKnownFileType = sourcecode.swift; path = StateMachine.swift; sourceTree = "<group>"; };
		5A1F1C0A232FDB850023D5A4 /* AppStateMachine.swift */ = {isa = PBXFileReference; lastKnownFileType = sourcecode.swift; path = AppStateMachine.swift; sourceTree = "<group>"; };
		5A2229A1228BE59600E4B95B /* Environment.swift */ = {isa = PBXFileReference; lastKnownFileType = sourcecode.swift; path = Environment.swift; sourceTree = "<group>"; };
		5A333F1A223C123A00BA9D8F /* Hummingbird.entitlements */ = {isa = PBXFileReference; lastKnownFileType = text.plist.entitlements; path = Hummingbird.entitlements; sourceTree = "<group>"; };
		5A33F7B2250A404400956DD3 /* Delta.swift */ = {isa = PBXFileReference; lastKnownFileType = sourcecode.swift; path = Delta.swift; sourceTree = "<group>"; };
		5A33F7B5250A450100956DD3 /* Corner.swift */ = {isa = PBXFileReference; lastKnownFileType = sourcecode.swift; path = Corner.swift; sourceTree = "<group>"; };
		5A45FBAE227B1BB800DC184E /* Tracker.swift */ = {isa = PBXFileReference; lastKnownFileType = sourcecode.swift; path = Tracker.swift; sourceTree = "<group>"; };
		5A45FBCC227B281E00DC184E /* AppDelegate.swift */ = {isa = PBXFileReference; fileEncoding = 4; lastKnownFileType = sourcecode.swift; path = AppDelegate.swift; sourceTree = "<group>"; };
		5A45FBCF227B3EF000DC184E /* PreferencesController.swift */ = {isa = PBXFileReference; lastKnownFileType = sourcecode.swift; path = PreferencesController.swift; sourceTree = "<group>"; };
		5A46191522847CF40078E1B2 /* Common.swift */ = {isa = PBXFileReference; lastKnownFileType = sourcecode.swift; path = Common.swift; sourceTree = "<group>"; };
		5A4619172286C4DA0078E1B2 /* ModifiertTests.swift */ = {isa = PBXFileReference; lastKnownFileType = sourcecode.swift; path = ModifiertTests.swift; sourceTree = "<group>"; };
		5A46191B2286C90B0078E1B2 /* Date+ext.swift */ = {isa = PBXFileReference; lastKnownFileType = sourcecode.swift; path = "Date+ext.swift"; sourceTree = "<group>"; };
		5A4E24A4234900BF00A27B8F /* Functions.swift */ = {isa = PBXFileReference; lastKnownFileType = sourcecode.swift; path = Functions.swift; sourceTree = "<group>"; };
		5A5E275D232BBB35000F54E9 /* Constants.swift */ = {isa = PBXFileReference; lastKnownFileType = sourcecode.swift; path = Constants.swift; sourceTree = "<group>"; };
		5A6B5BCB20D1720000F7A36C /* PreferencesController.xib */ = {isa = PBXFileReference; lastKnownFileType = file.xib; path = PreferencesController.xib; sourceTree = "<group>"; };
		5A78DD1022F2FBF600D0F23D /* TipJarController.swift */ = {isa = PBXFileReference; lastKnownFileType = sourcecode.swift; path = TipJarController.swift; sourceTree = "<group>"; };
		5A78DD1122F2FBF600D0F23D /* TipJarController.xib */ = {isa = PBXFileReference; lastKnownFileType = file.xib; path = TipJarController.xib; sourceTree = "<group>"; };
		5A81BBC42276D8CC00881E2F /* AXUIElement+ext.swift */ = {isa = PBXFileReference; lastKnownFileType = sourcecode.swift; path = "AXUIElement+ext.swift"; sourceTree = "<group>"; };
		5A8F910C227C3DF200B78C47 /* TrackingInfo.swift */ = {isa = PBXFileReference; lastKnownFileType = sourcecode.swift; path = TrackingInfo.swift; sourceTree = "<group>"; };
		5A8F910F227C418200B78C47 /* Modifiers.swift */ = {isa = PBXFileReference; lastKnownFileType = sourcecode.swift; path = Modifiers.swift; sourceTree = "<group>"; };
		5A8F9112227C41C800B78C47 /* State.swift */ = {isa = PBXFileReference; lastKnownFileType = sourcecode.swift; path = State.swift; sourceTree = "<group>"; };
		5A8F9118227C461D00B78C47 /* CGEvent+ext.swift */ = {isa = PBXFileReference; lastKnownFileType = sourcecode.swift; path = "CGEvent+ext.swift"; sourceTree = "<group>"; };
		5A8F911F227C81E600B78C47 /* CGPoint+ext.swift */ = {isa = PBXFileReference; lastKnownFileType = sourcecode.swift; path = "CGPoint+ext.swift"; sourceTree = "<group>"; };
		5AA9141F232D33E700167991 /* Logging.swift */ = {isa = PBXFileReference; lastKnownFileType = sourcecode.swift; path = Logging.swift; sourceTree = "<group>"; };
		5AA93C94231953AF00B268CF /* RegistrationController.swift */ = {isa = PBXFileReference; lastKnownFileType = sourcecode.swift; path = RegistrationController.swift; sourceTree = "<group>"; };
		5AA93C95231953AF00B268CF /* RegistrationController.xib */ = {isa = PBXFileReference; lastKnownFileType = file.xib; path = RegistrationController.xib; sourceTree = "<group>"; };
		5AB3A6F42334D7AA00D40DBF /* AppStateMachineTests.swift */ = {isa = PBXFileReference; lastKnownFileType = sourcecode.swift; path = AppStateMachineTests.swift; sourceTree = "<group>"; };
		5AE57A4422F72B490015B090 /* Licensing.swift */ = {isa = PBXFileReference; lastKnownFileType = sourcecode.swift; path = Licensing.swift; sourceTree = "<group>"; };
		5AE57A4722F72C090015B090 /* LicensingTests.swift */ = {isa = PBXFileReference; lastKnownFileType = sourcecode.swift; path = LicensingTests.swift; sourceTree = "<group>"; };
		65CF01621F229C34002259F2 /* HummingbirdTests.xctest */ = {isa = PBXFileReference; explicitFileType = wrapper.cfbundle; includeInIndex = 0; path = HummingbirdTests.xctest; sourceTree = BUILT_PRODUCTS_DIR; };
		65CF01661F229C34002259F2 /* Info.plist */ = {isa = PBXFileReference; lastKnownFileType = text.plist.xml; path = Info.plist; sourceTree = "<group>"; };
		6E238EE0184504BC00E47948 /* en */ = {isa = PBXFileReference; lastKnownFileType = file.xib; name = en; path = en.lproj/MainMenu.xib; sourceTree = "<group>"; };
		6ED47B61183BF3E800859244 /* Hummingbird.app */ = {isa = PBXFileReference; explicitFileType = wrapper.application; includeInIndex = 0; path = Hummingbird.app; sourceTree = BUILT_PRODUCTS_DIR; };
		6ED47B64183BF3E800859244 /* Cocoa.framework */ = {isa = PBXFileReference; lastKnownFileType = wrapper.framework; name = Cocoa.framework; path = System/Library/Frameworks/Cocoa.framework; sourceTree = SDKROOT; };
		6ED47B67183BF3E800859244 /* AppKit.framework */ = {isa = PBXFileReference; lastKnownFileType = wrapper.framework; name = AppKit.framework; path = System/Library/Frameworks/AppKit.framework; sourceTree = SDKROOT; };
		6ED47B68183BF3E800859244 /* CoreData.framework */ = {isa = PBXFileReference; lastKnownFileType = wrapper.framework; name = CoreData.framework; path = System/Library/Frameworks/CoreData.framework; sourceTree = SDKROOT; };
		6ED47B69183BF3E800859244 /* Foundation.framework */ = {isa = PBXFileReference; lastKnownFileType = wrapper.framework; name = Foundation.framework; path = System/Library/Frameworks/Foundation.framework; sourceTree = SDKROOT; };
		6ED47B6C183BF3E800859244 /* Hummingbird-Info.plist */ = {isa = PBXFileReference; lastKnownFileType = text.plist.xml; path = "Hummingbird-Info.plist"; sourceTree = "<group>"; };
		6ED47B6E183BF3E800859244 /* en */ = {isa = PBXFileReference; lastKnownFileType = text.plist.strings; name = en; path = en.lproj/InfoPlist.strings; sourceTree = "<group>"; };
		6ED47B7C183BF3E800859244 /* Images.xcassets */ = {isa = PBXFileReference; lastKnownFileType = folder.assetcatalog; path = Images.xcassets; sourceTree = "<group>"; };
		6ED47B83183BF3E800859244 /* XCTest.framework */ = {isa = PBXFileReference; lastKnownFileType = wrapper.framework; name = XCTest.framework; path = Library/Frameworks/XCTest.framework; sourceTree = DEVELOPER_DIR; };
		B02F125CE1BC18D269C53372 /* QuartzCore.framework */ = {isa = PBXFileReference; lastKnownFileType = wrapper.framework; name = QuartzCore.framework; path = System/Library/Frameworks/QuartzCore.framework; sourceTree = SDKROOT; };
		F907A0E10208B2B4C63E46E3 /* LICENSE.txt */ = {isa = PBXFileReference; fileEncoding = 4; lastKnownFileType = text; path = LICENSE.txt; sourceTree = "<group>"; };
		F907A3568D9301F4E6A9736F /* contributing.md */ = {isa = PBXFileReference; lastKnownFileType = file.md; path = contributing.md; sourceTree = "<group>"; };
		F907A4D20267246716869421 /* readme.md */ = {isa = PBXFileReference; lastKnownFileType = file.md; path = readme.md; sourceTree = "<group>"; };
		F907AB0E17E61960C00A089F /* .gitignore */ = {isa = PBXFileReference; lastKnownFileType = file.gitignore; path = .gitignore; sourceTree = "<group>"; };
/* End PBXFileReference section */

/* Begin PBXFrameworksBuildPhase section */
		65CF015F1F229C34002259F2 /* Frameworks */ = {
			isa = PBXFrameworksBuildPhase;
			buildActionMask = 2147483647;
			files = (
			);
			runOnlyForDeploymentPostprocessing = 0;
		};
		6ED47B5E183BF3E800859244 /* Frameworks */ = {
			isa = PBXFrameworksBuildPhase;
			buildActionMask = 2147483647;
			files = (
				6ED47B65183BF3E800859244 /* Cocoa.framework in Frameworks */,
				B02F18934323BB42D8CCAB05 /* QuartzCore.framework in Frameworks */,
			);
			runOnlyForDeploymentPostprocessing = 0;
		};
/* End PBXFrameworksBuildPhase section */

/* Begin PBXGroup section */
		5A1C2D96225B6E2F002EC3AD /* Sources */ = {
			isa = PBXGroup;
			children = (
				5A45FBCC227B281E00DC184E /* AppDelegate.swift */,
				5A1F1C0A232FDB850023D5A4 /* AppStateMachine.swift */,
				5A5E275D232BBB35000F54E9 /* Constants.swift */,
				5A33F7B5250A450100956DD3 /* Corner.swift */,
				5A1C2D93225B6E21002EC3AD /* Defaults.swift */,
				5A33F7B2250A404400956DD3 /* Delta.swift */,
				5A2229A1228BE59600E4B95B /* Environment.swift */,
				5A16ED072333A04400AF12CE /* FeatureFlags.swift */,
				5A4E24A4234900BF00A27B8F /* Functions.swift */,
				5AE57A4422F72B490015B090 /* Licensing.swift */,
				5AA9141F232D33E700167991 /* Logging.swift */,
				5A8F910F227C418200B78C47 /* Modifiers.swift */,
				5A16ED1C2333D40F00AF12CE /* Protocols.swift */,
				5A8F9112227C41C800B78C47 /* State.swift */,
				5A1F1C08232F94E20023D5A4 /* StateMachine.swift */,
				5A45FBAE227B1BB800DC184E /* Tracker.swift */,
				5A8F910C227C3DF200B78C47 /* TrackingInfo.swift */,
				5AA93C98231953D100B268CF /* Controllers */,
				5A8F911B227C4CF600B78C47 /* Extensions */,
			);
			name = Sources;
			sourceTree = "<group>";
		};
		5A78DD1422F3177C00D0F23D /* UI */ = {
			isa = PBXGroup;
			children = (
				5A6B5BCB20D1720000F7A36C /* PreferencesController.xib */,
				5AA93C95231953AF00B268CF /* RegistrationController.xib */,
				5A78DD1122F2FBF600D0F23D /* TipJarController.xib */,
				6ED47B79183BF3E800859244 /* MainMenu.xib */,
			);
			name = UI;
			sourceTree = "<group>";
		};
		5A8F911B227C4CF600B78C47 /* Extensions */ = {
			isa = PBXGroup;
			children = (
				5A81BBC42276D8CC00881E2F /* AXUIElement+ext.swift */,
				5A8F9118227C461D00B78C47 /* CGEvent+ext.swift */,
				5A8F911F227C81E600B78C47 /* CGPoint+ext.swift */,
				5A46191B2286C90B0078E1B2 /* Date+ext.swift */,
			);
			name = Extensions;
			sourceTree = "<group>";
		};
		5AA93C98231953D100B268CF /* Controllers */ = {
			isa = PBXGroup;
			children = (
				5A45FBCF227B3EF000DC184E /* PreferencesController.swift */,
				5AA93C94231953AF00B268CF /* RegistrationController.swift */,
				5A78DD1022F2FBF600D0F23D /* TipJarController.swift */,
			);
			name = Controllers;
			sourceTree = "<group>";
		};
		65CF01631F229C34002259F2 /* HummingbirdTests */ = {
			isa = PBXGroup;
			children = (
				65CF01661F229C34002259F2 /* Info.plist */,
				5AB3A6F42334D7AA00D40DBF /* AppStateMachineTests.swift */,
				5A46191522847CF40078E1B2 /* Common.swift */,
				5AE57A4722F72C090015B090 /* LicensingTests.swift */,
				5A4619172286C4DA0078E1B2 /* ModifiertTests.swift */,
			);
			path = HummingbirdTests;
			sourceTree = "<group>";
		};
		6ED47B58183BF3E800859244 = {
			isa = PBXGroup;
			children = (
				6ED47B6A183BF3E800859244 /* Hummingbird */,
				65CF01631F229C34002259F2 /* HummingbirdTests */,
				6ED47B63183BF3E800859244 /* Frameworks */,
				6ED47B62183BF3E800859244 /* Products */,
				F907AB0E17E61960C00A089F /* .gitignore */,
				F907A0E10208B2B4C63E46E3 /* LICENSE.txt */,
				F907A4D20267246716869421 /* readme.md */,
				F907A3568D9301F4E6A9736F /* contributing.md */,
			);
			sourceTree = "<group>";
		};
		6ED47B62183BF3E800859244 /* Products */ = {
			isa = PBXGroup;
			children = (
				6ED47B61183BF3E800859244 /* Hummingbird.app */,
				65CF01621F229C34002259F2 /* HummingbirdTests.xctest */,
			);
			name = Products;
			sourceTree = "<group>";
		};
		6ED47B63183BF3E800859244 /* Frameworks */ = {
			isa = PBXGroup;
			children = (
				6ED47B64183BF3E800859244 /* Cocoa.framework */,
				6ED47B83183BF3E800859244 /* XCTest.framework */,
				6ED47B66183BF3E800859244 /* Other Frameworks */,
				B02F125CE1BC18D269C53372 /* QuartzCore.framework */,
			);
			name = Frameworks;
			sourceTree = "<group>";
		};
		6ED47B66183BF3E800859244 /* Other Frameworks */ = {
			isa = PBXGroup;
			children = (
				6ED47B67183BF3E800859244 /* AppKit.framework */,
				6ED47B68183BF3E800859244 /* CoreData.framework */,
				6ED47B69183BF3E800859244 /* Foundation.framework */,
			);
			name = "Other Frameworks";
			sourceTree = "<group>";
		};
		6ED47B6A183BF3E800859244 /* Hummingbird */ = {
			isa = PBXGroup;
			children = (
				5A78DD1422F3177C00D0F23D /* UI */,
				5A1C2D96225B6E2F002EC3AD /* Sources */,
				6ED47B6B183BF3E800859244 /* Supporting Files */,
			);
			path = Hummingbird;
			sourceTree = "<group>";
		};
		6ED47B6B183BF3E800859244 /* Supporting Files */ = {
			isa = PBXGroup;
			children = (
				5A333F1A223C123A00BA9D8F /* Hummingbird.entitlements */,
				6ED47B6C183BF3E800859244 /* Hummingbird-Info.plist */,
				6ED47B7C183BF3E800859244 /* Images.xcassets */,
				6ED47B6D183BF3E800859244 /* InfoPlist.strings */,
			);
			name = "Supporting Files";
			sourceTree = "<group>";
		};
/* End PBXGroup section */

/* Begin PBXNativeTarget section */
		65CF01611F229C34002259F2 /* HummingbirdTests */ = {
			isa = PBXNativeTarget;
			buildConfigurationList = 65CF01691F229C34002259F2 /* Build configuration list for PBXNativeTarget "HummingbirdTests" */;
			buildPhases = (
				65CF015E1F229C34002259F2 /* Sources */,
				65CF015F1F229C34002259F2 /* Frameworks */,
				65CF01601F229C34002259F2 /* Resources */,
			);
			buildRules = (
			);
			dependencies = (
				65CF01681F229C34002259F2 /* PBXTargetDependency */,
			);
			name = HummingbirdTests;
			productName = "easy-move-resizeTests";
			productReference = 65CF01621F229C34002259F2 /* HummingbirdTests.xctest */;
			productType = "com.apple.product-type.bundle.unit-test";
		};
		6ED47B60183BF3E800859244 /* Hummingbird */ = {
			isa = PBXNativeTarget;
			buildConfigurationList = 6ED47B92183BF3E800859244 /* Build configuration list for PBXNativeTarget "Hummingbird" */;
			buildPhases = (
				6ED47B5D183BF3E800859244 /* Sources */,
				6ED47B5E183BF3E800859244 /* Frameworks */,
				6ED47B5F183BF3E800859244 /* Resources */,
			);
			buildRules = (
			);
			dependencies = (
			);
			name = Hummingbird;
			productName = "easy-move-resize";
			productReference = 6ED47B61183BF3E800859244 /* Hummingbird.app */;
			productType = "com.apple.product-type.application";
		};
/* End PBXNativeTarget section */

/* Begin PBXProject section */
		6ED47B59183BF3E800859244 /* Project object */ = {
			isa = PBXProject;
			attributes = {
				CLASSPREFIX = HB;
				LastUpgradeCheck = 1200;
				ORGANIZATIONNAME = finestructure;
				TargetAttributes = {
					65CF01611F229C34002259F2 = {
						CreatedOnToolsVersion = 8.3.3;
						DevelopmentTeam = A42K5AU657;
						LastSwiftMigration = 1020;
						ProvisioningStyle = Automatic;
					};
					6ED47B60183BF3E800859244 = {
						DevelopmentTeam = A42K5AU657;
						LastSwiftMigration = 1020;
						ProvisioningStyle = Automatic;
						SystemCapabilities = {
							com.apple.Sandbox = {
								enabled = 0;
							};
						};
					};
				};
			};
			buildConfigurationList = 6ED47B5C183BF3E800859244 /* Build configuration list for PBXProject "Hummingbird" */;
			compatibilityVersion = "Xcode 3.2";
			developmentRegion = en;
			hasScannedForEncodings = 0;
			knownRegions = (
				en,
				Base,
			);
			mainGroup = 6ED47B58183BF3E800859244;
			productRefGroup = 6ED47B62183BF3E800859244 /* Products */;
			projectDirPath = "";
			projectRoot = "";
			targets = (
				6ED47B60183BF3E800859244 /* Hummingbird */,
				65CF01611F229C34002259F2 /* HummingbirdTests */,
			);
		};
/* End PBXProject section */

/* Begin PBXResourcesBuildPhase section */
		65CF01601F229C34002259F2 /* Resources */ = {
			isa = PBXResourcesBuildPhase;
			buildActionMask = 2147483647;
			files = (
			);
			runOnlyForDeploymentPostprocessing = 0;
		};
		6ED47B5F183BF3E800859244 /* Resources */ = {
			isa = PBXResourcesBuildPhase;
			buildActionMask = 2147483647;
			files = (
				6ED47B6F183BF3E800859244 /* InfoPlist.strings in Resources */,
				6ED47B7D183BF3E800859244 /* Images.xcassets in Resources */,
				6ED47B7B183BF3E800859244 /* MainMenu.xib in Resources */,
				5A78DD1322F2FBF600D0F23D /* TipJarController.xib in Resources */,
				F907ABDDEEAF5BF83F0AF9EA /* readme.md in Resources */,
				F907A53FB2CAEBEB31895CD2 /* contributing.md in Resources */,
				5A6B5BCD20D1720000F7A36C /* PreferencesController.xib in Resources */,
				5AA93C97231953AF00B268CF /* RegistrationController.xib in Resources */,
			);
			runOnlyForDeploymentPostprocessing = 0;
		};
/* End PBXResourcesBuildPhase section */

/* Begin PBXSourcesBuildPhase section */
		65CF015E1F229C34002259F2 /* Sources */ = {
			isa = PBXSourcesBuildPhase;
			buildActionMask = 2147483647;
			files = (
				5A16ED052333A02600AF12CE /* Constants.swift in Sources */,
				5AB3A6F62334D7E600D40DBF /* AppStateMachine.swift in Sources */,
				5A16ED062333A03000AF12CE /* Logging.swift in Sources */,
				5A4E24A62349035000A27B8F /* Functions.swift in Sources */,
				5A8F910E227C3DF200B78C47 /* TrackingInfo.swift in Sources */,
				5A16ED092333A05500AF12CE /* FeatureFlags.swift in Sources */,
				5A45FBCE227B301E00DC184E /* Tracker.swift in Sources */,
				5AE57A4822F72C090015B090 /* LicensingTests.swift in Sources */,
				5A33F7B7250A450100956DD3 /* Corner.swift in Sources */,
				5A8F9111227C418200B78C47 /* Modifiers.swift in Sources */,
				5A4619182286C4DA0078E1B2 /* ModifiertTests.swift in Sources */,
				5A8F9121227C81E600B78C47 /* CGPoint+ext.swift in Sources */,
				5AB3A6FA2334E6AD00D40DBF /* Protocols.swift in Sources */,
				5A45FBD1227B4BCE00DC184E /* PreferencesController.swift in Sources */,
				5A2229A3228BE59600E4B95B /* Environment.swift in Sources */,
				5AE57A4622F72B490015B090 /* Licensing.swift in Sources */,
				5A46191D2286C90B0078E1B2 /* Date+ext.swift in Sources */,
				5A81BBC62276DC3B00881E2F /* AXUIElement+ext.swift in Sources */,
				5A1C2D95225B6E21002EC3AD /* Defaults.swift in Sources */,
				5AB3A6F72334D80F00D40DBF /* StateMachine.swift in Sources */,
				5A33F7B4250A404400956DD3 /* Delta.swift in Sources */,
				5A8F9114227C41C800B78C47 /* State.swift in Sources */,
				5A8F911A227C461D00B78C47 /* CGEvent+ext.swift in Sources */,
				5A46191622847CF40078E1B2 /* Common.swift in Sources */,
				5AB3A6F52334D7AA00D40DBF /* AppStateMachineTests.swift in Sources */,
			);
			runOnlyForDeploymentPostprocessing = 0;
		};
		6ED47B5D183BF3E800859244 /* Sources */ = {
			isa = PBXSourcesBuildPhase;
			buildActionMask = 2147483647;
			files = (
				5A8F910D227C3DF200B78C47 /* TrackingInfo.swift in Sources */,
				5A2229A2228BE59600E4B95B /* Environment.swift in Sources */,
				5A1C2D94225B6E21002EC3AD /* Defaults.swift in Sources */,
				5A33F7B6250A450100956DD3 /* Corner.swift in Sources */,
				5A16ED082333A04400AF12CE /* FeatureFlags.swift in Sources */,
				5A5E275E232BBB35000F54E9 /* Constants.swift in Sources */,
				5AA93C96231953AF00B268CF /* RegistrationController.swift in Sources */,
				5A1F1C0B232FDB850023D5A4 /* AppStateMachine.swift in Sources */,
				5AE57A4522F72B490015B090 /* Licensing.swift in Sources */,
				5A4E24A5234900BF00A27B8F /* Functions.swift in Sources */,
				5AA91420232D33E700167991 /* Logging.swift in Sources */,
				5A8F9110227C418200B78C47 /* Modifiers.swift in Sources */,
				5A8F9120227C81E600B78C47 /* CGPoint+ext.swift in Sources */,
				5A45FBAF227B1BB800DC184E /* Tracker.swift in Sources */,
				5A81BBC52276D8CC00881E2F /* AXUIElement+ext.swift in Sources */,
				5A46191C2286C90B0078E1B2 /* Date+ext.swift in Sources */,
				5A45FBD0227B3EF000DC184E /* PreferencesController.swift in Sources */,
				5A45FBCD227B281E00DC184E /* AppDelegate.swift in Sources */,
				5A78DD1222F2FBF600D0F23D /* TipJarController.swift in Sources */,
				5A1F1C09232F94E20023D5A4 /* StateMachine.swift in Sources */,
				5A16ED1D2333D40F00AF12CE /* Protocols.swift in Sources */,
				5A8F9113227C41C800B78C47 /* State.swift in Sources */,
				5A8F9119227C461D00B78C47 /* CGEvent+ext.swift in Sources */,
				5A33F7B3250A404400956DD3 /* Delta.swift in Sources */,
			);
			runOnlyForDeploymentPostprocessing = 0;
		};
/* End PBXSourcesBuildPhase section */

/* Begin PBXTargetDependency section */
		65CF01681F229C34002259F2 /* PBXTargetDependency */ = {
			isa = PBXTargetDependency;
			target = 6ED47B60183BF3E800859244 /* Hummingbird */;
			targetProxy = 653CC7461F8EB8AA009485A4 /* PBXContainerItemProxy */;
		};
/* End PBXTargetDependency section */

/* Begin PBXVariantGroup section */
		6ED47B6D183BF3E800859244 /* InfoPlist.strings */ = {
			isa = PBXVariantGroup;
			children = (
				6ED47B6E183BF3E800859244 /* en */,
			);
			name = InfoPlist.strings;
			sourceTree = "<group>";
		};
		6ED47B79183BF3E800859244 /* MainMenu.xib */ = {
			isa = PBXVariantGroup;
			children = (
				6E238EE0184504BC00E47948 /* en */,
			);
			name = MainMenu.xib;
			sourceTree = "<group>";
		};
/* End PBXVariantGroup section */

/* Begin XCBuildConfiguration section */
		5AB3A6FE2335106600D40DBF /* Test */ = {
			isa = XCBuildConfiguration;
			buildSettings = {
				ALWAYS_SEARCH_USER_PATHS = NO;
				CLANG_ANALYZER_LOCALIZABILITY_NONLOCALIZED = YES;
				CLANG_CXX_LANGUAGE_STANDARD = "gnu++0x";
				CLANG_CXX_LIBRARY = "libc++";
				CLANG_ENABLE_OBJC_ARC = YES;
				CLANG_WARN_BLOCK_CAPTURE_AUTORELEASING = YES;
				CLANG_WARN_BOOL_CONVERSION = YES;
				CLANG_WARN_COMMA = YES;
				CLANG_WARN_CONSTANT_CONVERSION = YES;
				CLANG_WARN_DEPRECATED_OBJC_IMPLEMENTATIONS = YES;
				CLANG_WARN_DIRECT_OBJC_ISA_USAGE = YES_ERROR;
				CLANG_WARN_EMPTY_BODY = YES;
				CLANG_WARN_ENUM_CONVERSION = YES;
				CLANG_WARN_INFINITE_RECURSION = YES;
				CLANG_WARN_INT_CONVERSION = YES;
				CLANG_WARN_NON_LITERAL_NULL_CONVERSION = YES;
				CLANG_WARN_OBJC_IMPLICIT_RETAIN_SELF = YES;
				CLANG_WARN_OBJC_LITERAL_CONVERSION = YES;
				CLANG_WARN_OBJC_ROOT_CLASS = YES_ERROR;
				CLANG_WARN_QUOTED_INCLUDE_IN_FRAMEWORK_HEADER = YES;
				CLANG_WARN_RANGE_LOOP_ANALYSIS = YES;
				CLANG_WARN_STRICT_PROTOTYPES = YES;
				CLANG_WARN_SUSPICIOUS_MOVE = YES;
				CLANG_WARN_UNREACHABLE_CODE = YES;
				CLANG_WARN__DUPLICATE_METHOD_MATCH = YES;
				CODE_SIGN_IDENTITY = "Mac Developer";
				COPY_PHASE_STRIP = NO;
				DEVELOPMENT_TEAM = A42K5AU657;
				ENABLE_HARDENED_RUNTIME = YES;
				ENABLE_STRICT_OBJC_MSGSEND = YES;
				ENABLE_TESTABILITY = YES;
				GCC_C_LANGUAGE_STANDARD = gnu99;
				GCC_DYNAMIC_NO_PIC = NO;
				GCC_ENABLE_OBJC_EXCEPTIONS = YES;
				GCC_NO_COMMON_BLOCKS = YES;
				GCC_OPTIMIZATION_LEVEL = 0;
				GCC_PREPROCESSOR_DEFINITIONS = (
					"DEBUG=1",
					"$(inherited)",
				);
				GCC_SYMBOLS_PRIVATE_EXTERN = NO;
				GCC_WARN_64_TO_32_BIT_CONVERSION = YES;
				GCC_WARN_ABOUT_RETURN_TYPE = YES_ERROR;
				GCC_WARN_UNDECLARED_SELECTOR = YES;
				GCC_WARN_UNINITIALIZED_AUTOS = YES;
				GCC_WARN_UNUSED_FUNCTION = YES;
				GCC_WARN_UNUSED_VARIABLE = YES;
				MACOSX_DEPLOYMENT_TARGET = 10.11;
				ONLY_ACTIVE_ARCH = YES;
				SDKROOT = macosx;
			};
			name = Test;
		};
		5AB3A6FF2335106600D40DBF /* Test */ = {
			isa = XCBuildConfiguration;
			buildSettings = {
				ASSETCATALOG_COMPILER_APPICON_NAME = AppIcon;
				CLANG_ENABLE_MODULES = YES;
				CODE_SIGN_IDENTITY = "-";
				COMBINE_HIDPI_IMAGES = YES;
				CURRENT_PROJECT_VERSION = 1;
				GCC_PRECOMPILE_PREFIX_HEADER = YES;
				GCC_PREFIX_HEADER = "Hummingbird/Hummingbird-Prefix.pch";
				INFOPLIST_FILE = "Hummingbird/Hummingbird-Info.plist";
				LD_RUNPATH_SEARCH_PATHS = "$(inherited) @executable_path/../Frameworks";
				MACOSX_DEPLOYMENT_TARGET = 10.11;
				MARKETING_VERSION = 3.1.7;
				PRODUCT_BUNDLE_IDENTIFIER = "co.finestructure.${PRODUCT_NAME:rfc1034identifier}";
				PRODUCT_NAME = Hummingbird;
				SDKROOT = macosx;
				SWIFT_ACTIVE_COMPILATION_CONDITIONS = "DEBUG COMMERCIAL";
				SWIFT_OPTIMIZATION_LEVEL = "-Onone";
				SWIFT_VERSION = 5.0;
				WRAPPER_EXTENSION = app;
			};
			name = Test;
		};
		5AB3A7002335106600D40DBF /* Test */ = {
			isa = XCBuildConfiguration;
			buildSettings = {
				ALWAYS_EMBED_SWIFT_STANDARD_LIBRARIES = YES;
				CLANG_ANALYZER_NONNULL = YES;
				CLANG_ANALYZER_NUMBER_OBJECT_CONVERSION = YES_AGGRESSIVE;
				CLANG_ENABLE_MODULES = YES;
				CLANG_WARN_DOCUMENTATION_COMMENTS = YES;
				CODE_SIGN_IDENTITY = "Mac Developer";
				CODE_SIGN_STYLE = Automatic;
				COMBINE_HIDPI_IMAGES = YES;
				DEBUG_INFORMATION_FORMAT = dwarf;
				DEVELOPMENT_TEAM = A42K5AU657;
				GCC_WARN_UNINITIALIZED_AUTOS = YES_AGGRESSIVE;
				INFOPLIST_FILE = HummingbirdTests/Info.plist;
				LD_RUNPATH_SEARCH_PATHS = "$(inherited) @executable_path/../Frameworks @loader_path/../Frameworks";
				MACOSX_DEPLOYMENT_TARGET = 10.12;
				MTL_ENABLE_DEBUG_INFO = YES;
				PRODUCT_NAME = "$(TARGET_NAME)";
				PROVISIONING_PROFILE_SPECIFIER = "";
				SWIFT_ACTIVE_COMPILATION_CONDITIONS = "TEST COMMERCIAL";
				SWIFT_OPTIMIZATION_LEVEL = "-Onone";
				SWIFT_VERSION = 5.0;
			};
			name = Test;
		};
		5AB3A7042335136000D40DBF /* OpenSource */ = {
			isa = XCBuildConfiguration;
			buildSettings = {
				ALWAYS_SEARCH_USER_PATHS = NO;
				CLANG_ANALYZER_LOCALIZABILITY_NONLOCALIZED = YES;
				CLANG_CXX_LANGUAGE_STANDARD = "gnu++0x";
				CLANG_CXX_LIBRARY = "libc++";
				CLANG_ENABLE_OBJC_ARC = YES;
				CLANG_WARN_BLOCK_CAPTURE_AUTORELEASING = YES;
				CLANG_WARN_BOOL_CONVERSION = YES;
				CLANG_WARN_COMMA = YES;
				CLANG_WARN_CONSTANT_CONVERSION = YES;
				CLANG_WARN_DEPRECATED_OBJC_IMPLEMENTATIONS = YES;
				CLANG_WARN_DIRECT_OBJC_ISA_USAGE = YES_ERROR;
				CLANG_WARN_EMPTY_BODY = YES;
				CLANG_WARN_ENUM_CONVERSION = YES;
				CLANG_WARN_INFINITE_RECURSION = YES;
				CLANG_WARN_INT_CONVERSION = YES;
				CLANG_WARN_NON_LITERAL_NULL_CONVERSION = YES;
				CLANG_WARN_OBJC_IMPLICIT_RETAIN_SELF = YES;
				CLANG_WARN_OBJC_LITERAL_CONVERSION = YES;
				CLANG_WARN_OBJC_ROOT_CLASS = YES_ERROR;
				CLANG_WARN_QUOTED_INCLUDE_IN_FRAMEWORK_HEADER = YES;
				CLANG_WARN_RANGE_LOOP_ANALYSIS = YES;
				CLANG_WARN_STRICT_PROTOTYPES = YES;
				CLANG_WARN_SUSPICIOUS_MOVE = YES;
				CLANG_WARN_UNREACHABLE_CODE = YES;
				CLANG_WARN__DUPLICATE_METHOD_MATCH = YES;
				CODE_SIGN_IDENTITY = "Mac Developer";
				COPY_PHASE_STRIP = YES;
				DEBUG_INFORMATION_FORMAT = "dwarf-with-dsym";
				DEVELOPMENT_TEAM = A42K5AU657;
				ENABLE_HARDENED_RUNTIME = YES;
				ENABLE_NS_ASSERTIONS = NO;
				ENABLE_STRICT_OBJC_MSGSEND = YES;
				GCC_C_LANGUAGE_STANDARD = gnu99;
				GCC_ENABLE_OBJC_EXCEPTIONS = YES;
				GCC_NO_COMMON_BLOCKS = YES;
				GCC_WARN_64_TO_32_BIT_CONVERSION = YES;
				GCC_WARN_ABOUT_RETURN_TYPE = YES_ERROR;
				GCC_WARN_UNDECLARED_SELECTOR = YES;
				GCC_WARN_UNINITIALIZED_AUTOS = YES;
				GCC_WARN_UNUSED_FUNCTION = YES;
				GCC_WARN_UNUSED_VARIABLE = YES;
				MACOSX_DEPLOYMENT_TARGET = 10.11;
				SDKROOT = macosx;
				SWIFT_COMPILATION_MODE = wholemodule;
			};
			name = OpenSource;
		};
		5AB3A7052335136000D40DBF /* OpenSource */ = {
			isa = XCBuildConfiguration;
			buildSettings = {
				ASSETCATALOG_COMPILER_APPICON_NAME = AppIcon;
				CLANG_ENABLE_MODULES = YES;
				CODE_SIGN_IDENTITY = "-";
				COMBINE_HIDPI_IMAGES = YES;
				CURRENT_PROJECT_VERSION = 1;
				GCC_PRECOMPILE_PREFIX_HEADER = YES;
				GCC_PREFIX_HEADER = "Hummingbird/Hummingbird-Prefix.pch";
				INFOPLIST_FILE = "Hummingbird/Hummingbird-Info.plist";
				LD_RUNPATH_SEARCH_PATHS = "$(inherited) @executable_path/../Frameworks";
				MACOSX_DEPLOYMENT_TARGET = 10.11;
				MARKETING_VERSION = 3.1.7;
				PRODUCT_BUNDLE_IDENTIFIER = "co.finestructure.${PRODUCT_NAME:rfc1034identifier}";
				PRODUCT_NAME = Hummingbird;
				SDKROOT = macosx;
				SWIFT_ACTIVE_COMPILATION_CONDITIONS = RELEASE;
				SWIFT_VERSION = 5.0;
				WRAPPER_EXTENSION = app;
			};
			name = OpenSource;
		};
		5AB3A7062335136000D40DBF /* OpenSource */ = {
			isa = XCBuildConfiguration;
			buildSettings = {
				ALWAYS_EMBED_SWIFT_STANDARD_LIBRARIES = YES;
				CLANG_ANALYZER_NONNULL = YES;
				CLANG_ANALYZER_NUMBER_OBJECT_CONVERSION = YES_AGGRESSIVE;
				CLANG_ENABLE_MODULES = YES;
				CLANG_WARN_DOCUMENTATION_COMMENTS = YES;
				CODE_SIGN_IDENTITY = "Mac Developer";
				CODE_SIGN_STYLE = Automatic;
				COMBINE_HIDPI_IMAGES = YES;
				COPY_PHASE_STRIP = NO;
				DEVELOPMENT_TEAM = A42K5AU657;
				GCC_WARN_UNINITIALIZED_AUTOS = YES_AGGRESSIVE;
				INFOPLIST_FILE = HummingbirdTests/Info.plist;
				LD_RUNPATH_SEARCH_PATHS = "$(inherited) @executable_path/../Frameworks @loader_path/../Frameworks";
				MACOSX_DEPLOYMENT_TARGET = 10.12;
				MTL_ENABLE_DEBUG_INFO = NO;
				PRODUCT_NAME = "$(TARGET_NAME)";
				PROVISIONING_PROFILE_SPECIFIER = "";
				SWIFT_ACTIVE_COMPILATION_CONDITIONS = "RELEASE COMMERCIAL";
				SWIFT_VERSION = 5.0;
			};
			name = OpenSource;
		};
		65CF016A1F229C34002259F2 /* Debug */ = {
			isa = XCBuildConfiguration;
			buildSettings = {
				ALWAYS_EMBED_SWIFT_STANDARD_LIBRARIES = YES;
				CLANG_ANALYZER_NONNULL = YES;
				CLANG_ANALYZER_NUMBER_OBJECT_CONVERSION = YES_AGGRESSIVE;
				CLANG_ENABLE_MODULES = YES;
				CLANG_WARN_DOCUMENTATION_COMMENTS = YES;
				CODE_SIGN_IDENTITY = "Mac Developer";
				CODE_SIGN_STYLE = Automatic;
				COMBINE_HIDPI_IMAGES = YES;
				DEBUG_INFORMATION_FORMAT = dwarf;
				DEVELOPMENT_TEAM = A42K5AU657;
				GCC_WARN_UNINITIALIZED_AUTOS = YES_AGGRESSIVE;
				INFOPLIST_FILE = HummingbirdTests/Info.plist;
				LD_RUNPATH_SEARCH_PATHS = "$(inherited) @executable_path/../Frameworks @loader_path/../Frameworks";
				MACOSX_DEPLOYMENT_TARGET = 10.12;
				MTL_ENABLE_DEBUG_INFO = YES;
				PRODUCT_NAME = "$(TARGET_NAME)";
				PROVISIONING_PROFILE_SPECIFIER = "";
				SWIFT_ACTIVE_COMPILATION_CONDITIONS = "DEBUG COMMERCIAL";
				SWIFT_OPTIMIZATION_LEVEL = "-Onone";
				SWIFT_VERSION = 5.0;
			};
			name = Debug;
		};
		65CF016B1F229C34002259F2 /* Release */ = {
			isa = XCBuildConfiguration;
			buildSettings = {
				ALWAYS_EMBED_SWIFT_STANDARD_LIBRARIES = YES;
				CLANG_ANALYZER_NONNULL = YES;
				CLANG_ANALYZER_NUMBER_OBJECT_CONVERSION = YES_AGGRESSIVE;
				CLANG_ENABLE_MODULES = YES;
				CLANG_WARN_DOCUMENTATION_COMMENTS = YES;
				CODE_SIGN_IDENTITY = "Mac Developer";
				CODE_SIGN_STYLE = Automatic;
				COMBINE_HIDPI_IMAGES = YES;
				COPY_PHASE_STRIP = NO;
				DEVELOPMENT_TEAM = A42K5AU657;
				GCC_WARN_UNINITIALIZED_AUTOS = YES_AGGRESSIVE;
				INFOPLIST_FILE = HummingbirdTests/Info.plist;
				LD_RUNPATH_SEARCH_PATHS = "$(inherited) @executable_path/../Frameworks @loader_path/../Frameworks";
				MACOSX_DEPLOYMENT_TARGET = 10.12;
				MTL_ENABLE_DEBUG_INFO = NO;
				PRODUCT_NAME = "$(TARGET_NAME)";
				PROVISIONING_PROFILE_SPECIFIER = "";
				SWIFT_ACTIVE_COMPILATION_CONDITIONS = "RELEASE COMMERCIAL";
				SWIFT_VERSION = 5.0;
			};
			name = Release;
		};
		6ED47B90183BF3E800859244 /* Debug */ = {
			isa = XCBuildConfiguration;
			buildSettings = {
				ALWAYS_SEARCH_USER_PATHS = NO;
				CLANG_ANALYZER_LOCALIZABILITY_NONLOCALIZED = YES;
				CLANG_CXX_LANGUAGE_STANDARD = "gnu++0x";
				CLANG_CXX_LIBRARY = "libc++";
				CLANG_ENABLE_OBJC_ARC = YES;
				CLANG_WARN_BLOCK_CAPTURE_AUTORELEASING = YES;
				CLANG_WARN_BOOL_CONVERSION = YES;
				CLANG_WARN_COMMA = YES;
				CLANG_WARN_CONSTANT_CONVERSION = YES;
				CLANG_WARN_DEPRECATED_OBJC_IMPLEMENTATIONS = YES;
				CLANG_WARN_DIRECT_OBJC_ISA_USAGE = YES_ERROR;
				CLANG_WARN_EMPTY_BODY = YES;
				CLANG_WARN_ENUM_CONVERSION = YES;
				CLANG_WARN_INFINITE_RECURSION = YES;
				CLANG_WARN_INT_CONVERSION = YES;
				CLANG_WARN_NON_LITERAL_NULL_CONVERSION = YES;
				CLANG_WARN_OBJC_IMPLICIT_RETAIN_SELF = YES;
				CLANG_WARN_OBJC_LITERAL_CONVERSION = YES;
				CLANG_WARN_OBJC_ROOT_CLASS = YES_ERROR;
				CLANG_WARN_QUOTED_INCLUDE_IN_FRAMEWORK_HEADER = YES;
				CLANG_WARN_RANGE_LOOP_ANALYSIS = YES;
				CLANG_WARN_STRICT_PROTOTYPES = YES;
				CLANG_WARN_SUSPICIOUS_MOVE = YES;
				CLANG_WARN_UNREACHABLE_CODE = YES;
				CLANG_WARN__DUPLICATE_METHOD_MATCH = YES;
				CODE_SIGN_IDENTITY = "Mac Developer";
				COPY_PHASE_STRIP = NO;
				DEVELOPMENT_TEAM = A42K5AU657;
				ENABLE_HARDENED_RUNTIME = YES;
				ENABLE_STRICT_OBJC_MSGSEND = YES;
				ENABLE_TESTABILITY = YES;
				GCC_C_LANGUAGE_STANDARD = gnu99;
				GCC_DYNAMIC_NO_PIC = NO;
				GCC_ENABLE_OBJC_EXCEPTIONS = YES;
				GCC_NO_COMMON_BLOCKS = YES;
				GCC_OPTIMIZATION_LEVEL = 0;
				GCC_PREPROCESSOR_DEFINITIONS = (
					"DEBUG=1",
					"$(inherited)",
				);
				GCC_SYMBOLS_PRIVATE_EXTERN = NO;
				GCC_WARN_64_TO_32_BIT_CONVERSION = YES;
				GCC_WARN_ABOUT_RETURN_TYPE = YES_ERROR;
				GCC_WARN_UNDECLARED_SELECTOR = YES;
				GCC_WARN_UNINITIALIZED_AUTOS = YES;
				GCC_WARN_UNUSED_FUNCTION = YES;
				GCC_WARN_UNUSED_VARIABLE = YES;
				MACOSX_DEPLOYMENT_TARGET = 10.11;
				ONLY_ACTIVE_ARCH = YES;
				SDKROOT = macosx;
			};
			name = Debug;
		};
		6ED47B91183BF3E800859244 /* Release */ = {
			isa = XCBuildConfiguration;
			buildSettings = {
				ALWAYS_SEARCH_USER_PATHS = NO;
				CLANG_ANALYZER_LOCALIZABILITY_NONLOCALIZED = YES;
				CLANG_CXX_LANGUAGE_STANDARD = "gnu++0x";
				CLANG_CXX_LIBRARY = "libc++";
				CLANG_ENABLE_OBJC_ARC = YES;
				CLANG_WARN_BLOCK_CAPTURE_AUTORELEASING = YES;
				CLANG_WARN_BOOL_CONVERSION = YES;
				CLANG_WARN_COMMA = YES;
				CLANG_WARN_CONSTANT_CONVERSION = YES;
				CLANG_WARN_DEPRECATED_OBJC_IMPLEMENTATIONS = YES;
				CLANG_WARN_DIRECT_OBJC_ISA_USAGE = YES_ERROR;
				CLANG_WARN_EMPTY_BODY = YES;
				CLANG_WARN_ENUM_CONVERSION = YES;
				CLANG_WARN_INFINITE_RECURSION = YES;
				CLANG_WARN_INT_CONVERSION = YES;
				CLANG_WARN_NON_LITERAL_NULL_CONVERSION = YES;
				CLANG_WARN_OBJC_IMPLICIT_RETAIN_SELF = YES;
				CLANG_WARN_OBJC_LITERAL_CONVERSION = YES;
				CLANG_WARN_OBJC_ROOT_CLASS = YES_ERROR;
				CLANG_WARN_QUOTED_INCLUDE_IN_FRAMEWORK_HEADER = YES;
				CLANG_WARN_RANGE_LOOP_ANALYSIS = YES;
				CLANG_WARN_STRICT_PROTOTYPES = YES;
				CLANG_WARN_SUSPICIOUS_MOVE = YES;
				CLANG_WARN_UNREACHABLE_CODE = YES;
				CLANG_WARN__DUPLICATE_METHOD_MATCH = YES;
				CODE_SIGN_IDENTITY = "Mac Developer";
				COPY_PHASE_STRIP = YES;
				DEBUG_INFORMATION_FORMAT = "dwarf-with-dsym";
				DEVELOPMENT_TEAM = A42K5AU657;
				ENABLE_HARDENED_RUNTIME = YES;
				ENABLE_NS_ASSERTIONS = NO;
				ENABLE_STRICT_OBJC_MSGSEND = YES;
				GCC_C_LANGUAGE_STANDARD = gnu99;
				GCC_ENABLE_OBJC_EXCEPTIONS = YES;
				GCC_NO_COMMON_BLOCKS = YES;
				GCC_WARN_64_TO_32_BIT_CONVERSION = YES;
				GCC_WARN_ABOUT_RETURN_TYPE = YES_ERROR;
				GCC_WARN_UNDECLARED_SELECTOR = YES;
				GCC_WARN_UNINITIALIZED_AUTOS = YES;
				GCC_WARN_UNUSED_FUNCTION = YES;
				GCC_WARN_UNUSED_VARIABLE = YES;
				MACOSX_DEPLOYMENT_TARGET = 10.11;
				SDKROOT = macosx;
				SWIFT_COMPILATION_MODE = wholemodule;
			};
			name = Release;
		};
		6ED47B93183BF3E800859244 /* Debug */ = {
			isa = XCBuildConfiguration;
			buildSettings = {
				ASSETCATALOG_COMPILER_APPICON_NAME = AppIcon;
				CLANG_ENABLE_MODULES = YES;
				CODE_SIGN_IDENTITY = "-";
				COMBINE_HIDPI_IMAGES = YES;
				CURRENT_PROJECT_VERSION = 1;
				GCC_PRECOMPILE_PREFIX_HEADER = YES;
				GCC_PREFIX_HEADER = "Hummingbird/Hummingbird-Prefix.pch";
				INFOPLIST_FILE = "Hummingbird/Hummingbird-Info.plist";
				LD_RUNPATH_SEARCH_PATHS = "$(inherited) @executable_path/../Frameworks";
				MACOSX_DEPLOYMENT_TARGET = 10.11;
				MARKETING_VERSION = 3.1.7;
				PRODUCT_BUNDLE_IDENTIFIER = "co.finestructure.${PRODUCT_NAME:rfc1034identifier}";
				PRODUCT_NAME = Hummingbird;
				SDKROOT = macosx;
				SWIFT_ACTIVE_COMPILATION_CONDITIONS = "DEBUG COMMERCIAL";
				SWIFT_OPTIMIZATION_LEVEL = "-Onone";
				SWIFT_VERSION = 5.0;
				WRAPPER_EXTENSION = app;
			};
			name = Debug;
		};
		6ED47B94183BF3E800859244 /* Release */ = {
			isa = XCBuildConfiguration;
			buildSettings = {
				ASSETCATALOG_COMPILER_APPICON_NAME = AppIcon;
				CLANG_ENABLE_MODULES = YES;
				CODE_SIGN_IDENTITY = "-";
				COMBINE_HIDPI_IMAGES = YES;
				CURRENT_PROJECT_VERSION = 1;
				GCC_PRECOMPILE_PREFIX_HEADER = YES;
				GCC_PREFIX_HEADER = "Hummingbird/Hummingbird-Prefix.pch";
				INFOPLIST_FILE = "Hummingbird/Hummingbird-Info.plist";
				LD_RUNPATH_SEARCH_PATHS = "$(inherited) @executable_path/../Frameworks";
				MACOSX_DEPLOYMENT_TARGET = 10.11;
				MARKETING_VERSION = 3.1.7;
				PRODUCT_BUNDLE_IDENTIFIER = "co.finestructure.${PRODUCT_NAME:rfc1034identifier}";
				PRODUCT_NAME = Hummingbird;
				SDKROOT = macosx;
				SWIFT_ACTIVE_COMPILATION_CONDITIONS = "RELEASE COMMERCIAL";
				SWIFT_VERSION = 5.0;
				WRAPPER_EXTENSION = app;
			};
			name = Release;
		};
/* End XCBuildConfiguration section */

/* Begin XCConfigurationList section */
		65CF01691F229C34002259F2 /* Build configuration list for PBXNativeTarget "HummingbirdTests" */ = {
			isa = XCConfigurationList;
			buildConfigurations = (
				65CF016A1F229C34002259F2 /* Debug */,
				5AB3A7002335106600D40DBF /* Test */,
				65CF016B1F229C34002259F2 /* Release */,
				5AB3A7062335136000D40DBF /* OpenSource */,
			);
			defaultConfigurationIsVisible = 0;
			defaultConfigurationName = Release;
		};
		6ED47B5C183BF3E800859244 /* Build configuration list for PBXProject "Hummingbird" */ = {
			isa = XCConfigurationList;
			buildConfigurations = (
				6ED47B90183BF3E800859244 /* Debug */,
				5AB3A6FE2335106600D40DBF /* Test */,
				6ED47B91183BF3E800859244 /* Release */,
				5AB3A7042335136000D40DBF /* OpenSource */,
			);
			defaultConfigurationIsVisible = 0;
			defaultConfigurationName = Release;
		};
		6ED47B92183BF3E800859244 /* Build configuration list for PBXNativeTarget "Hummingbird" */ = {
			isa = XCConfigurationList;
			buildConfigurations = (
				6ED47B93183BF3E800859244 /* Debug */,
				5AB3A6FF2335106600D40DBF /* Test */,
				6ED47B94183BF3E800859244 /* Release */,
				5AB3A7052335136000D40DBF /* OpenSource */,
			);
			defaultConfigurationIsVisible = 0;
			defaultConfigurationName = Release;
		};
/* End XCConfigurationList section */
	};
	rootObject = 6ED47B59183BF3E800859244 /* Project object */;
}
